
Microsoft Visual Studio Solution File, Format Version 12.00
# Visual Studio Version 17
VisualStudioVersion = 17.2.32630.192
MinimumVisualStudioVersion = 10.0.40219.1
Project("{FAE04EC0-301F-11D3-BF4B-00C04F79EFBC}") = "SteamGuideTableGenerator", "SteamGuideTableGenerator\SteamGuideTableGenerator.csproj", "{7830EDC9-8E5A-4C58-9F26-39A06A2330DB}"
EndProject
Global
	GlobalSection(SolutionConfigurationPlatforms) = preSolution
		Debug|Any CPU = Debug|Any CPU
		Release|Any CPU = Release|Any CPU
	EndGlobalSection
	GlobalSection(ProjectConfigurationPlatforms) = postSolution
		{7830EDC9-8E5A-4C58-9F26-39A06A2330DB}.Debug|Any CPU.ActiveCfg = Debug|Any CPU
		{7830EDC9-8E5A-4C58-9F26-39A06A2330DB}.Debug|Any CPU.Build.0 = Debug|Any CPU
		{7830EDC9-8E5A-4C58-9F26-39A06A2330DB}.Release|Any CPU.ActiveCfg = Release|Any CPU
		{7830EDC9-8E5A-4C58-9F26-39A06A2330DB}.Release|Any CPU.Build.0 = Release|Any CPU
	EndGlobalSection
	GlobalSection(SolutionProperties) = preSolution
		HideSolutionNode = FALSE
	EndGlobalSection
	GlobalSection(ExtensibilityGlobals) = postSolution
		SolutionGuid = {40B88035-54A1-4BE1-A43F-53B24006ED4D}
	EndGlobalSection
EndGlobal
